// !$*UTF8*$!
{
	archiveVersion = 1;
	classes = {
	};
	objectVersion = 51;
	objects = {

/* Begin PBXBuildFile section */
		3C769C4D2276E0290011393C /* AppDelegate.swift in Sources */ = {isa = PBXBuildFile; fileRef = 3C769C4C2276E0290011393C /* AppDelegate.swift */; };
		3C769C522276E0290011393C /* Main.storyboard in Resources */ = {isa = PBXBuildFile; fileRef = 3C769C502276E0290011393C /* Main.storyboard */; };
		3C769C552276E0290011393C /* TwitterSearch.xcdatamodeld in Sources */ = {isa = PBXBuildFile; fileRef = 3C769C532276E0290011393C /* TwitterSearch.xcdatamodeld */; };
		3C769C572276E02B0011393C /* Assets.xcassets in Resources */ = {isa = PBXBuildFile; fileRef = 3C769C562276E02B0011393C /* Assets.xcassets */; };
		3C769C5A2276E02B0011393C /* LaunchScreen.storyboard in Resources */ = {isa = PBXBuildFile; fileRef = 3C769C582276E02B0011393C /* LaunchScreen.storyboard */; };
		3C769C632276E0BD0011393C /* TweetTableViewController.swift in Sources */ = {isa = PBXBuildFile; fileRef = 3C769C622276E0BD0011393C /* TweetTableViewController.swift */; };
		3CEF26A9227702280053581B /* Twitter.framework in Frameworks */ = {isa = PBXBuildFile; fileRef = 3CEF26A8227702280053581B /* Twitter.framework */; };
		3CEF26AA227702280053581B /* Twitter.framework in Embed Frameworks */ = {isa = PBXBuildFile; fileRef = 3CEF26A8227702280053581B /* Twitter.framework */; settings = {ATTRIBUTES = (CodeSignOnCopy, RemoveHeadersOnCopy, ); }; };
/* End PBXBuildFile section */

/* Begin PBXCopyFilesBuildPhase section */
		3CEF26AB227702280053581B /* Embed Frameworks */ = {
			isa = PBXCopyFilesBuildPhase;
			buildActionMask = 2147483647;
			dstPath = "";
			dstSubfolderSpec = 10;
			files = (
				3CEF26AA227702280053581B /* Twitter.framework in Embed Frameworks */,
			);
			name = "Embed Frameworks";
			runOnlyForDeploymentPostprocessing = 0;
		};
/* End PBXCopyFilesBuildPhase section */

/* Begin PBXFileReference section */
		3C769C492276E0290011393C /* TwitterSearch.app */ = {isa = PBXFileReference; explicitFileType = wrapper.application; includeInIndex = 0; path = TwitterSearch.app; sourceTree = BUILT_PRODUCTS_DIR; };
		3C769C4C2276E0290011393C /* AppDelegate.swift */ = {isa = PBXFileReference; lastKnownFileType = sourcecode.swift; path = AppDelegate.swift; sourceTree = "<group>"; };
		3C769C512276E0290011393C /* Base */ = {isa = PBXFileReference; lastKnownFileType = file.storyboard; name = Base; path = Base.lproj/Main.storyboard; sourceTree = "<group>"; };
		3C769C542276E0290011393C /* TwitterSearch.xcdatamodel */ = {isa = PBXFileReference; lastKnownFileType = wrapper.xcdatamodel; path = TwitterSearch.xcdatamodel; sourceTree = "<group>"; };
		3C769C562276E02B0011393C /* Assets.xcassets */ = {isa = PBXFileReference; lastKnownFileType = folder.assetcatalog; path = Assets.xcassets; sourceTree = "<group>"; };
		3C769C592276E02B0011393C /* Base */ = {isa = PBXFileReference; lastKnownFileType = file.storyboard; name = Base; path = Base.lproj/LaunchScreen.storyboard; sourceTree = "<group>"; };
		3C769C5B2276E02B0011393C /* Info.plist */ = {isa = PBXFileReference; lastKnownFileType = text.plist.xml; path = Info.plist; sourceTree = "<group>"; };
		3C769C622276E0BD0011393C /* TweetTableViewController.swift */ = {isa = PBXFileReference; lastKnownFileType = sourcecode.swift; path = TweetTableViewController.swift; sourceTree = "<group>"; };
		3CEF26A8227702280053581B /* Twitter.framework */ = {isa = PBXFileReference; explicitFileType = wrapper.framework; path = Twitter.framework; sourceTree = BUILT_PRODUCTS_DIR; };
/* End PBXFileReference section */

/* Begin PBXFrameworksBuildPhase section */
		3C769C462276E0290011393C /* Frameworks */ = {
			isa = PBXFrameworksBuildPhase;
			buildActionMask = 2147483647;
			files = (
				3CEF26A9227702280053581B /* Twitter.framework in Frameworks */,
			);
			runOnlyForDeploymentPostprocessing = 0;
		};
/* End PBXFrameworksBuildPhase section */

/* Begin PBXGroup section */
		3C769C402276E0290011393C = {
			isa = PBXGroup;
			children = (
				3CEF26A8227702280053581B /* Twitter.framework */,
				3C769C4B2276E0290011393C /* TwitterSearch */,
				3C769C4A2276E0290011393C /* Products */,
			);
			sourceTree = "<group>";
		};
		3C769C4A2276E0290011393C /* Products */ = {
			isa = PBXGroup;
			children = (
				3C769C492276E0290011393C /* TwitterSearch.app */,
			);
			name = Products;
			sourceTree = "<group>";
		};
		3C769C4B2276E0290011393C /* TwitterSearch */ = {
			isa = PBXGroup;
			children = (
				3C769C502276E0290011393C /* Main.storyboard */,
				3C769C622276E0BD0011393C /* TweetTableViewController.swift */,
				3C769C5B2276E02B0011393C /* Info.plist */,
				3C769C612276E0590011393C /* SupportingFile */,
			);
			path = TwitterSearch;
			sourceTree = "<group>";
		};
		3C769C612276E0590011393C /* SupportingFile */ = {
			isa = PBXGroup;
			children = (
				3C769C4C2276E0290011393C /* AppDelegate.swift */,
				3C769C562276E02B0011393C /* Assets.xcassets */,
				3C769C582276E02B0011393C /* LaunchScreen.storyboard */,
				3C769C532276E0290011393C /* TwitterSearch.xcdatamodeld */,
			);
			path = SupportingFile;
			sourceTree = "<group>";
		};
/* End PBXGroup section */

/* Begin PBXNativeTarget section */
		3C769C482276E0290011393C /* TwitterSearch */ = {
			isa = PBXNativeTarget;
			buildConfigurationList = 3C769C5E2276E02B0011393C /* Build configuration list for PBXNativeTarget "TwitterSearch" */;
			buildPhases = (
				3C769C452276E0290011393C /* Sources */,
				3C769C462276E0290011393C /* Frameworks */,
				3C769C472276E0290011393C /* Resources */,
				3CEF26AB227702280053581B /* Embed Frameworks */,
			);
			buildRules = (
			);
			dependencies = (
			);
			name = TwitterSearch;
			productName = TwitterSearch;
			productReference = 3C769C492276E0290011393C /* TwitterSearch.app */;
			productType = "com.apple.product-type.application";
		};
/* End PBXNativeTarget section */

/* Begin PBXProject section */
		3C769C412276E0290011393C /* Project object */ = {
			isa = PBXProject;
			attributes = {
				LastSwiftUpdateCheck = 1020;
				LastUpgradeCheck = 1020;
				ORGANIZATIONNAME = Wi;
				TargetAttributes = {
					3C769C482276E0290011393C = {
						CreatedOnToolsVersion = 10.2;
					};
				};
			};
			buildConfigurationList = 3C769C442276E0290011393C /* Build configuration list for PBXProject "TwitterSearch" */;
			compatibilityVersion = "Xcode 10.0";
			developmentRegion = en;
			hasScannedForEncodings = 0;
			knownRegions = (
				en,
				Base,
			);
			mainGroup = 3C769C402276E0290011393C;
			productRefGroup = 3C769C4A2276E0290011393C /* Products */;
			projectDirPath = "";
			projectRoot = "";
			targets = (
				3C769C482276E0290011393C /* TwitterSearch */,
			);
		};
/* End PBXProject section */

/* Begin PBXResourcesBuildPhase section */
		3C769C472276E0290011393C /* Resources */ = {
			isa = PBXResourcesBuildPhase;
			buildActionMask = 2147483647;
			files = (
				3C769C5A2276E02B0011393C /* LaunchScreen.storyboard in Resources */,
				3C769C572276E02B0011393C /* Assets.xcassets in Resources */,
				3C769C522276E0290011393C /* Main.storyboard in Resources */,
			);
			runOnlyForDeploymentPostprocessing = 0;
		};
/* End PBXResourcesBuildPhase section */

/* Begin PBXSourcesBuildPhase section */
		3C769C452276E0290011393C /* Sources */ = {
			isa = PBXSourcesBuildPhase;
			buildActionMask = 2147483647;
			files = (
				3C769C632276E0BD0011393C /* TweetTableViewController.swift in Sources */,
				3C769C552276E0290011393C /* TwitterSearch.xcdatamodeld in Sources */,
				3C769C4D2276E0290011393C /* AppDelegate.swift in Sources */,
			);
			runOnlyForDeploymentPostprocessing = 0;
		};
/* End PBXSourcesBuildPhase section */

/* Begin PBXVariantGroup section */
		3C769C502276E0290011393C /* Main.storyboard */ = {
			isa = PBXVariantGroup;
			children = (
				3C769C512276E0290011393C /* Base */,
			);
			name = Main.storyboard;
			sourceTree = "<group>";
		};
		3C769C582276E02B0011393C /* LaunchScreen.storyboard */ = {
			isa = PBXVariantGroup;
			children = (
				3C769C592276E02B0011393C /* Base */,
			);
			name = LaunchScreen.storyboard;
			sourceTree = "<group>";
		};
/* End PBXVariantGroup section */

/* Begin XCBuildConfiguration section */
		3C769C5C2276E02B0011393C /* Debug */ = {
			isa = XCBuildConfiguration;
			buildSettings = {
				ALWAYS_SEARCH_USER_PATHS = NO;
				CLANG_ANALYZER_NONNULL = YES;
				CLANG_ANALYZER_NUMBER_OBJECT_CONVERSION = YES_AGGRESSIVE;
				CLANG_CXX_LANGUAGE_STANDARD = "gnu++14";
				CLANG_CXX_LIBRARY = "libc++";
				CLANG_ENABLE_MODULES = YES;
				CLANG_ENABLE_OBJC_ARC = YES;
				CLANG_ENABLE_OBJC_WEAK = YES;
				CLANG_WARN_BLOCK_CAPTURE_AUTORELEASING = YES;
				CLANG_WARN_BOOL_CONVERSION = YES;
				CLANG_WARN_COMMA = YES;
				CLANG_WARN_CONSTANT_CONVERSION = YES;
				CLANG_WARN_DEPRECATED_OBJC_IMPLEMENTATIONS = YES;
				CLANG_WARN_DIRECT_OBJC_ISA_USAGE = YES_ERROR;
				CLANG_WARN_DOCUMENTATION_COMMENTS = YES;
				CLANG_WARN_EMPTY_BODY = YES;
				CLANG_WARN_ENUM_CONVERSION = YES;
				CLANG_WARN_INFINITE_RECURSION = YES;
				CLANG_WARN_INT_CONVERSION = YES;
				CLANG_WARN_NON_LITERAL_NULL_CONVERSION = YES;
				CLANG_WARN_OBJC_IMPLICIT_RETAIN_SELF = YES;
				CLANG_WARN_OBJC_LITERAL_CONVERSION = YES;
				CLANG_WARN_OBJC_ROOT_CLASS = YES_ERROR;
				CLANG_WARN_RANGE_LOOP_ANALYSIS = YES;
				CLANG_WARN_STRICT_PROTOTYPES = YES;
				CLANG_WARN_SUSPICIOUS_MOVE = YES;
				CLANG_WARN_UNGUARDED_AVAILABILITY = YES_AGGRESSIVE;
				CLANG_WARN_UNREACHABLE_CODE = YES;
				CLANG_WARN__DUPLICATE_METHOD_MATCH = YES;
				CODE_SIGN_IDENTITY = "iPhone Developer";
				COPY_PHASE_STRIP = NO;
				DEBUG_INFORMATION_FORMAT = dwarf;
				ENABLE_STRICT_OBJC_MSGSEND = YES;
				ENABLE_TESTABILITY = YES;
				GCC_C_LANGUAGE_STANDARD = gnu11;
				GCC_DYNAMIC_NO_PIC = NO;
				GCC_NO_COMMON_BLOCKS = YES;
				GCC_OPTIMIZATION_LEVEL = 0;
				GCC_PREPROCESSOR_DEFINITIONS = (
					"DEBUG=1",
					"$(inherited)",
				);
				GCC_WARN_64_TO_32_BIT_CONVERSION = YES;
				GCC_WARN_ABOUT_RETURN_TYPE = YES_ERROR;
				GCC_WARN_UNDECLARED_SELECTOR = YES;
				GCC_WARN_UNINITIALIZED_AUTOS = YES_AGGRESSIVE;
				GCC_WARN_UNUSED_FUNCTION = YES;
				GCC_WARN_UNUSED_VARIABLE = YES;
				IPHONEOS_DEPLOYMENT_TARGET = 12.2;
				MTL_ENABLE_DEBUG_INFO = INCLUDE_SOURCE;
				MTL_FAST_MATH = YES;
				ONLY_ACTIVE_ARCH = YES;
				SDKROOT = iphoneos;
				SWIFT_ACTIVE_COMPILATION_CONDITIONS = DEBUG;
				SWIFT_OPTIMIZATION_LEVEL = "-Onone";
			};
			name = Debug;
		};
		3C769C5D2276E02B0011393C /* Release */ = {
			isa = XCBuildConfiguration;
			buildSettings = {
				ALWAYS_SEARCH_USER_PATHS = NO;
				CLANG_ANALYZER_NONNULL = YES;
				CLANG_ANALYZER_NUMBER_OBJECT_CONVERSION = YES_AGGRESSIVE;
				CLANG_CXX_LANGUAGE_STANDARD = "gnu++14";
				CLANG_CXX_LIBRARY = "libc++";
				CLANG_ENABLE_MODULES = YES;
				CLANG_ENABLE_OBJC_ARC = YES;
				CLANG_ENABLE_OBJC_WEAK = YES;
				CLANG_WARN_BLOCK_CAPTURE_AUTORELEASING = YES;
				CLANG_WARN_BOOL_CONVERSION = YES;
				CLANG_WARN_COMMA = YES;
				CLANG_WARN_CONSTANT_CONVERSION = YES;
				CLANG_WARN_DEPRECATED_OBJC_IMPLEMENTATIONS = YES;
				CLANG_WARN_DIRECT_OBJC_ISA_USAGE = YES_ERROR;
				CLANG_WARN_DOCUMENTATION_COMMENTS = YES;
				CLANG_WARN_EMPTY_BODY = YES;
				CLANG_WARN_ENUM_CONVERSION = YES;
				CLANG_WARN_INFINITE_RECURSION = YES;
				CLANG_WARN_INT_CONVERSION = YES;
				CLANG_WARN_NON_LITERAL_NULL_CONVERSION = YES;
				CLANG_WARN_OBJC_IMPLICIT_RETAIN_SELF = YES;
				CLANG_WARN_OBJC_LITERAL_CONVERSION = YES;
				CLANG_WARN_OBJC_ROOT_CLASS = YES_ERROR;
				CLANG_WARN_RANGE_LOOP_ANALYSIS = YES;
				CLANG_WARN_STRICT_PROTOTYPES = YES;
				CLANG_WARN_SUSPICIOUS_MOVE = YES;
				CLANG_WARN_UNGUARDED_AVAILABILITY = YES_AGGRESSIVE;
				CLANG_WARN_UNREACHABLE_CODE = YES;
				CLANG_WARN__DUPLICATE_METHOD_MATCH = YES;
				CODE_SIGN_IDENTITY = "iPhone Developer";
				COPY_PHASE_STRIP = NO;
				DEBUG_INFORMATION_FORMAT = "dwarf-with-dsym";
				ENABLE_NS_ASSERTIONS = NO;
				ENABLE_STRICT_OBJC_MSGSEND = YES;
				GCC_C_LANGUAGE_STANDARD = gnu11;
				GCC_NO_COMMON_BLOCKS = YES;
				GCC_WARN_64_TO_32_BIT_CONVERSION = YES;
				GCC_WARN_ABOUT_RETURN_TYPE = YES_ERROR;
				GCC_WARN_UNDECLARED_SELECTOR = YES;
				GCC_WARN_UNINITIALIZED_AUTOS = YES_AGGRESSIVE;
				GCC_WARN_UNUSED_FUNCTION = YES;
				GCC_WARN_UNUSED_VARIABLE = YES;
				IPHONEOS_DEPLOYMENT_TARGET = 12.2;
				MTL_ENABLE_DEBUG_INFO = NO;
				MTL_FAST_MATH = YES;
				SDKROOT = iphoneos;
				SWIFT_COMPILATION_MODE = wholemodule;
				SWIFT_OPTIMIZATION_LEVEL = "-O";
				VALIDATE_PRODUCT = YES;
			};
			name = Release;
		};
		3C769C5F2276E02B0011393C /* Debug */ = {
			isa = XCBuildConfiguration;
			buildSettings = {
				ASSETCATALOG_COMPILER_APPICON_NAME = AppIcon;
				CODE_SIGN_STYLE = Automatic;
				DEVELOPMENT_TEAM = HGQ7D6RJAU;
				INFOPLIST_FILE = TwitterSearch/Info.plist;
				LD_RUNPATH_SEARCH_PATHS = (
					"$(inherited)",
					"@executable_path/Frameworks",
				);
				PRODUCT_BUNDLE_IDENTIFIER = kr.Wi.TwitterSearch;
				PRODUCT_NAME = "$(TARGET_NAME)";
				SWIFT_VERSION = 5.0;
				TARGETED_DEVICE_FAMILY = "1,2";
			};
			name = Debug;
		};
		3C769C602276E02B0011393C /* Release */ = {
			isa = XCBuildConfiguration;
			buildSettings = {
				ASSETCATALOG_COMPILER_APPICON_NAME = AppIcon;
				CODE_SIGN_STYLE = Automatic;
				DEVELOPMENT_TEAM = HGQ7D6RJAU;
				INFOPLIST_FILE = TwitterSearch/Info.plist;
				LD_RUNPATH_SEARCH_PATHS = (
					"$(inherited)",
					"@executable_path/Frameworks",
				);
				PRODUCT_BUNDLE_IDENTIFIER = kr.Wi.TwitterSearch;
				PRODUCT_NAME = "$(TARGET_NAME)";
				SWIFT_VERSION = 5.0;
				TARGETED_DEVICE_FAMILY = "1,2";
			};
			name = Release;
		};
/* End XCBuildConfiguration section */

/* Begin XCConfigurationList section */
		3C769C442276E0290011393C /* Build configuration list for PBXProject "TwitterSearch" */ = {
			isa = XCConfigurationList;
			buildConfigurations = (
				3C769C5C2276E02B0011393C /* Debug */,
				3C769C5D2276E02B0011393C /* Release */,
			);
			defaultConfigurationIsVisible = 0;
			defaultConfigurationName = Release;
		};
		3C769C5E2276E02B0011393C /* Build configuration list for PBXNativeTarget "TwitterSearch" */ = {
			isa = XCConfigurationList;
			buildConfigurations = (
				3C769C5F2276E02B0011393C /* Debug */,
				3C769C602276E02B0011393C /* Release */,
			);
			defaultConfigurationIsVisible = 0;
			defaultConfigurationName = Release;
		};
/* End XCConfigurationList section */

/* Begin XCVersionGroup section */
		3C769C532276E0290011393C /* TwitterSearch.xcdatamodeld */ = {
			isa = XCVersionGroup;
			children = (
				3C769C542276E0290011393C /* TwitterSearch.xcdatamodel */,
			);
			currentVersion = 3C769C542276E0290011393C /* TwitterSearch.xcdatamodel */;
			path = TwitterSearch.xcdatamodeld;
			sourceTree = "<group>";
			versionGroupType = wrapper.xcdatamodel;
		};
/* End XCVersionGroup section */
	};
	rootObject = 3C769C412276E0290011393C /* Project object */;
}
