// !$*UTF8*$!
{
	archiveVersion = 1;
	classes = {
	};
	objectVersion = 50;
	objects = {

/* Begin PBXBuildFile section */
		3C51B06121609CDA005A1F09 /* CafeMenu.swift in Sources */ = {isa = PBXBuildFile; fileRef = 3C51B06021609CDA005A1F09 /* CafeMenu.swift */; };
		3CA6E23B2160FF7C0018E1CD /* ThirdViewController.swift in Sources */ = {isa = PBXBuildFile; fileRef = 3CA6E23A2160FF7C0018E1CD /* ThirdViewController.swift */; };
		3CE67AD0215B46BD004D0F22 /* AppDelegate.swift in Sources */ = {isa = PBXBuildFile; fileRef = 3CE67ACF215B46BD004D0F22 /* AppDelegate.swift */; };
		3CE67AD2215B46BD004D0F22 /* ViewController.swift in Sources */ = {isa = PBXBuildFile; fileRef = 3CE67AD1215B46BD004D0F22 /* ViewController.swift */; };
		3CE67AD7215B46BE004D0F22 /* Assets.xcassets in Resources */ = {isa = PBXBuildFile; fileRef = 3CE67AD6215B46BE004D0F22 /* Assets.xcassets */; };
		3CE67ADA215B46BE004D0F22 /* LaunchScreen.storyboard in Resources */ = {isa = PBXBuildFile; fileRef = 3CE67AD8215B46BE004D0F22 /* LaunchScreen.storyboard */; };
		3CE67AE2215B5A1D004D0F22 /* SecondViewController.swift in Sources */ = {isa = PBXBuildFile; fileRef = 3CE67AE1215B5A1D004D0F22 /* SecondViewController.swift */; };
/* End PBXBuildFile section */

/* Begin PBXFileReference section */
		3C51B06021609CDA005A1F09 /* CafeMenu.swift */ = {isa = PBXFileReference; lastKnownFileType = sourcecode.swift; path = CafeMenu.swift; sourceTree = "<group>"; };
		3CA6E23A2160FF7C0018E1CD /* ThirdViewController.swift */ = {isa = PBXFileReference; lastKnownFileType = sourcecode.swift; path = ThirdViewController.swift; sourceTree = "<group>"; };
		3CE67ACC215B46BD004D0F22 /* CafeGame.app */ = {isa = PBXFileReference; explicitFileType = wrapper.application; includeInIndex = 0; path = CafeGame.app; sourceTree = BUILT_PRODUCTS_DIR; };
		3CE67ACF215B46BD004D0F22 /* AppDelegate.swift */ = {isa = PBXFileReference; lastKnownFileType = sourcecode.swift; path = AppDelegate.swift; sourceTree = "<group>"; };
		3CE67AD1215B46BD004D0F22 /* ViewController.swift */ = {isa = PBXFileReference; lastKnownFileType = sourcecode.swift; path = ViewController.swift; sourceTree = "<group>"; };
		3CE67AD6215B46BE004D0F22 /* Assets.xcassets */ = {isa = PBXFileReference; lastKnownFileType = folder.assetcatalog; path = Assets.xcassets; sourceTree = "<group>"; };
		3CE67AD9215B46BE004D0F22 /* Base */ = {isa = PBXFileReference; lastKnownFileType = file.storyboard; name = Base; path = Base.lproj/LaunchScreen.storyboard; sourceTree = "<group>"; };
		3CE67ADB215B46BE004D0F22 /* Info.plist */ = {isa = PBXFileReference; lastKnownFileType = text.plist.xml; path = Info.plist; sourceTree = "<group>"; };
		3CE67AE1215B5A1D004D0F22 /* SecondViewController.swift */ = {isa = PBXFileReference; lastKnownFileType = sourcecode.swift; path = SecondViewController.swift; sourceTree = "<group>"; };
/* End PBXFileReference section */

/* Begin PBXFrameworksBuildPhase section */
		3CE67AC9215B46BD004D0F22 /* Frameworks */ = {
			isa = PBXFrameworksBuildPhase;
			buildActionMask = 2147483647;
			files = (
			);
			runOnlyForDeploymentPostprocessing = 0;
		};
/* End PBXFrameworksBuildPhase section */

/* Begin PBXGroup section */
		3CE67AC3215B46BD004D0F22 = {
			isa = PBXGroup;
			children = (
				3CE67ACE215B46BD004D0F22 /* CafeGame */,
				3CE67ACD215B46BD004D0F22 /* Products */,
			);
			sourceTree = "<group>";
		};
		3CE67ACD215B46BD004D0F22 /* Products */ = {
			isa = PBXGroup;
			children = (
				3CE67ACC215B46BD004D0F22 /* CafeGame.app */,
			);
			name = Products;
			sourceTree = "<group>";
		};
		3CE67ACE215B46BD004D0F22 /* CafeGame */ = {
			isa = PBXGroup;
			children = (
				3CE67ACF215B46BD004D0F22 /* AppDelegate.swift */,
				3CE67AD1215B46BD004D0F22 /* ViewController.swift */,
				3CE67AE1215B5A1D004D0F22 /* SecondViewController.swift */,
				3CA6E23A2160FF7C0018E1CD /* ThirdViewController.swift */,
				3C51B06021609CDA005A1F09 /* CafeMenu.swift */,
				3CE67AD6215B46BE004D0F22 /* Assets.xcassets */,
				3CE67AD8215B46BE004D0F22 /* LaunchScreen.storyboard */,
				3CE67ADB215B46BE004D0F22 /* Info.plist */,
			);
			path = CafeGame;
			sourceTree = "<group>";
		};
/* End PBXGroup section */

/* Begin PBXNativeTarget section */
		3CE67ACB215B46BD004D0F22 /* CafeGame */ = {
			isa = PBXNativeTarget;
			buildConfigurationList = 3CE67ADE215B46BE004D0F22 /* Build configuration list for PBXNativeTarget "CafeGame" */;
			buildPhases = (
				3CE67AC8215B46BD004D0F22 /* Sources */,
				3CE67AC9215B46BD004D0F22 /* Frameworks */,
				3CE67ACA215B46BD004D0F22 /* Resources */,
			);
			buildRules = (
			);
			dependencies = (
			);
			name = CafeGame;
			productName = CafeGame;
			productReference = 3CE67ACC215B46BD004D0F22 /* CafeGame.app */;
			productType = "com.apple.product-type.application";
		};
/* End PBXNativeTarget section */

/* Begin PBXProject section */
		3CE67AC4215B46BD004D0F22 /* Project object */ = {
			isa = PBXProject;
			attributes = {
				LastSwiftUpdateCheck = 0940;
				LastUpgradeCheck = 0940;
				ORGANIZATIONNAME = Wi;
				TargetAttributes = {
					3CE67ACB215B46BD004D0F22 = {
						CreatedOnToolsVersion = 9.4.1;
					};
				};
			};
			buildConfigurationList = 3CE67AC7215B46BD004D0F22 /* Build configuration list for PBXProject "CafeGame" */;
			compatibilityVersion = "Xcode 9.3";
			developmentRegion = en;
			hasScannedForEncodings = 0;
			knownRegions = (
				en,
				Base,
			);
			mainGroup = 3CE67AC3215B46BD004D0F22;
			productRefGroup = 3CE67ACD215B46BD004D0F22 /* Products */;
			projectDirPath = "";
			projectRoot = "";
			targets = (
				3CE67ACB215B46BD004D0F22 /* CafeGame */,
			);
		};
/* End PBXProject section */

/* Begin PBXResourcesBuildPhase section */
		3CE67ACA215B46BD004D0F22 /* Resources */ = {
			isa = PBXResourcesBuildPhase;
			buildActionMask = 2147483647;
			files = (
				3CE67ADA215B46BE004D0F22 /* LaunchScreen.storyboard in Resources */,
				3CE67AD7215B46BE004D0F22 /* Assets.xcassets in Resources */,
			);
			runOnlyForDeploymentPostprocessing = 0;
		};
/* End PBXResourcesBuildPhase section */

/* Begin PBXSourcesBuildPhase section */
		3CE67AC8215B46BD004D0F22 /* Sources */ = {
			isa = PBXSourcesBuildPhase;
			buildActionMask = 2147483647;
			files = (
				3CE67AE2215B5A1D004D0F22 /* SecondViewController.swift in Sources */,
				3C51B06121609CDA005A1F09 /* CafeMenu.swift in Sources */,
				3CA6E23B2160FF7C0018E1CD /* ThirdViewController.swift in Sources */,
				3CE67AD2215B46BD004D0F22 /* ViewController.swift in Sources */,
				3CE67AD0215B46BD004D0F22 /* AppDelegate.swift in Sources */,
			);
			runOnlyForDeploymentPostprocessing = 0;
		};
/* End PBXSourcesBuildPhase section */

/* Begin PBXVariantGroup section */
		3CE67AD8215B46BE004D0F22 /* LaunchScreen.storyboard */ = {
			isa = PBXVariantGroup;
			children = (
				3CE67AD9215B46BE004D0F22 /* Base */,
			);
			name = LaunchScreen.storyboard;
			sourceTree = "<group>";
		};
/* End PBXVariantGroup section */

/* Begin XCBuildConfiguration section */
		3CE67ADC215B46BE004D0F22 /* Debug */ = {
			isa = XCBuildConfiguration;
			buildSettings = {
				ALWAYS_SEARCH_USER_PATHS = NO;
				CLANG_ANALYZER_NONNULL = YES;
				CLANG_ANALYZER_NUMBER_OBJECT_CONVERSION = YES_AGGRESSIVE;
				CLANG_CXX_LANGUAGE_STANDARD = "gnu++14";
				CLANG_CXX_LIBRARY = "libc++";
				CLANG_ENABLE_MODULES = YES;
				CLANG_ENABLE_OBJC_ARC = YES;
				CLANG_ENABLE_OBJC_WEAK = YES;
				CLANG_WARN_BLOCK_CAPTURE_AUTORELEASING = YES;
				CLANG_WARN_BOOL_CONVERSION = YES;
				CLANG_WARN_COMMA = YES;
				CLANG_WARN_CONSTANT_CONVERSION = YES;
				CLANG_WARN_DEPRECATED_OBJC_IMPLEMENTATIONS = YES;
				CLANG_WARN_DIRECT_OBJC_ISA_USAGE = YES_ERROR;
				CLANG_WARN_DOCUMENTATION_COMMENTS = YES;
				CLANG_WARN_EMPTY_BODY = YES;
				CLANG_WARN_ENUM_CONVERSION = YES;
				CLANG_WARN_INFINITE_RECURSION = YES;
				CLANG_WARN_INT_CONVERSION = YES;
				CLANG_WARN_NON_LITERAL_NULL_CONVERSION = YES;
				CLANG_WARN_OBJC_IMPLICIT_RETAIN_SELF = YES;
				CLANG_WARN_OBJC_LITERAL_CONVERSION = YES;
				CLANG_WARN_OBJC_ROOT_CLASS = YES_ERROR;
				CLANG_WARN_RANGE_LOOP_ANALYSIS = YES;
				CLANG_WARN_STRICT_PROTOTYPES = YES;
				CLANG_WARN_SUSPICIOUS_MOVE = YES;
				CLANG_WARN_UNGUARDED_AVAILABILITY = YES_AGGRESSIVE;
				CLANG_WARN_UNREACHABLE_CODE = YES;
				CLANG_WARN__DUPLICATE_METHOD_MATCH = YES;
				CODE_SIGN_IDENTITY = "iPhone Developer";
				COPY_PHASE_STRIP = NO;
				DEBUG_INFORMATION_FORMAT = dwarf;
				ENABLE_STRICT_OBJC_MSGSEND = YES;
				ENABLE_TESTABILITY = YES;
				GCC_C_LANGUAGE_STANDARD = gnu11;
				GCC_DYNAMIC_NO_PIC = NO;
				GCC_NO_COMMON_BLOCKS = YES;
				GCC_OPTIMIZATION_LEVEL = 0;
				GCC_PREPROCESSOR_DEFINITIONS = (
					"DEBUG=1",
					"$(inherited)",
				);
				GCC_WARN_64_TO_32_BIT_CONVERSION = YES;
				GCC_WARN_ABOUT_RETURN_TYPE = YES_ERROR;
				GCC_WARN_UNDECLARED_SELECTOR = YES;
				GCC_WARN_UNINITIALIZED_AUTOS = YES_AGGRESSIVE;
				GCC_WARN_UNUSED_FUNCTION = YES;
				GCC_WARN_UNUSED_VARIABLE = YES;
				IPHONEOS_DEPLOYMENT_TARGET = 11.4;
				MTL_ENABLE_DEBUG_INFO = YES;
				ONLY_ACTIVE_ARCH = YES;
				SDKROOT = iphoneos;
				SWIFT_ACTIVE_COMPILATION_CONDITIONS = DEBUG;
				SWIFT_OPTIMIZATION_LEVEL = "-Onone";
			};
			name = Debug;
		};
		3CE67ADD215B46BE004D0F22 /* Release */ = {
			isa = XCBuildConfiguration;
			buildSettings = {
				ALWAYS_SEARCH_USER_PATHS = NO;
				CLANG_ANALYZER_NONNULL = YES;
				CLANG_ANALYZER_NUMBER_OBJECT_CONVERSION = YES_AGGRESSIVE;
				CLANG_CXX_LANGUAGE_STANDARD = "gnu++14";
				CLANG_CXX_LIBRARY = "libc++";
				CLANG_ENABLE_MODULES = YES;
				CLANG_ENABLE_OBJC_ARC = YES;
				CLANG_ENABLE_OBJC_WEAK = YES;
				CLANG_WARN_BLOCK_CAPTURE_AUTORELEASING = YES;
				CLANG_WARN_BOOL_CONVERSION = YES;
				CLANG_WARN_COMMA = YES;
				CLANG_WARN_CONSTANT_CONVERSION = YES;
				CLANG_WARN_DEPRECATED_OBJC_IMPLEMENTATIONS = YES;
				CLANG_WARN_DIRECT_OBJC_ISA_USAGE = YES_ERROR;
				CLANG_WARN_DOCUMENTATION_COMMENTS = YES;
				CLANG_WARN_EMPTY_BODY = YES;
				CLANG_WARN_ENUM_CONVERSION = YES;
				CLANG_WARN_INFINITE_RECURSION = YES;
				CLANG_WARN_INT_CONVERSION = YES;
				CLANG_WARN_NON_LITERAL_NULL_CONVERSION = YES;
				CLANG_WARN_OBJC_IMPLICIT_RETAIN_SELF = YES;
				CLANG_WARN_OBJC_LITERAL_CONVERSION = YES;
				CLANG_WARN_OBJC_ROOT_CLASS = YES_ERROR;
				CLANG_WARN_RANGE_LOOP_ANALYSIS = YES;
				CLANG_WARN_STRICT_PROTOTYPES = YES;
				CLANG_WARN_SUSPICIOUS_MOVE = YES;
				CLANG_WARN_UNGUARDED_AVAILABILITY = YES_AGGRESSIVE;
				CLANG_WARN_UNREACHABLE_CODE = YES;
				CLANG_WARN__DUPLICATE_METHOD_MATCH = YES;
				CODE_SIGN_IDENTITY = "iPhone Developer";
				COPY_PHASE_STRIP = NO;
				DEBUG_INFORMATION_FORMAT = "dwarf-with-dsym";
				ENABLE_NS_ASSERTIONS = NO;
				ENABLE_STRICT_OBJC_MSGSEND = YES;
				GCC_C_LANGUAGE_STANDARD = gnu11;
				GCC_NO_COMMON_BLOCKS = YES;
				GCC_WARN_64_TO_32_BIT_CONVERSION = YES;
				GCC_WARN_ABOUT_RETURN_TYPE = YES_ERROR;
				GCC_WARN_UNDECLARED_SELECTOR = YES;
				GCC_WARN_UNINITIALIZED_AUTOS = YES_AGGRESSIVE;
				GCC_WARN_UNUSED_FUNCTION = YES;
				GCC_WARN_UNUSED_VARIABLE = YES;
				IPHONEOS_DEPLOYMENT_TARGET = 11.4;
				MTL_ENABLE_DEBUG_INFO = NO;
				SDKROOT = iphoneos;
				SWIFT_COMPILATION_MODE = wholemodule;
				SWIFT_OPTIMIZATION_LEVEL = "-O";
				VALIDATE_PRODUCT = YES;
			};
			name = Release;
		};
		3CE67ADF215B46BE004D0F22 /* Debug */ = {
			isa = XCBuildConfiguration;
			buildSettings = {
				ASSETCATALOG_COMPILER_APPICON_NAME = AppIcon;
				CODE_SIGN_STYLE = Automatic;
				INFOPLIST_FILE = CafeGame/Info.plist;
				LD_RUNPATH_SEARCH_PATHS = (
					"$(inherited)",
					"@executable_path/Frameworks",
				);
				PRODUCT_BUNDLE_IDENTIFIER = kr.Wi.CafeGame;
				PRODUCT_NAME = "$(TARGET_NAME)";
				SWIFT_VERSION = 4.0;
				TARGETED_DEVICE_FAMILY = "1,2";
			};
			name = Debug;
		};
		3CE67AE0215B46BE004D0F22 /* Release */ = {
			isa = XCBuildConfiguration;
			buildSettings = {
				ASSETCATALOG_COMPILER_APPICON_NAME = AppIcon;
				CODE_SIGN_STYLE = Automatic;
				INFOPLIST_FILE = CafeGame/Info.plist;
				LD_RUNPATH_SEARCH_PATHS = (
					"$(inherited)",
					"@executable_path/Frameworks",
				);
				PRODUCT_BUNDLE_IDENTIFIER = kr.Wi.CafeGame;
				PRODUCT_NAME = "$(TARGET_NAME)";
				SWIFT_VERSION = 4.0;
				TARGETED_DEVICE_FAMILY = "1,2";
			};
			name = Release;
		};
/* End XCBuildConfiguration section */

/* Begin XCConfigurationList section */
		3CE67AC7215B46BD004D0F22 /* Build configuration list for PBXProject "CafeGame" */ = {
			isa = XCConfigurationList;
			buildConfigurations = (
				3CE67ADC215B46BE004D0F22 /* Debug */,
				3CE67ADD215B46BE004D0F22 /* Release */,
			);
			defaultConfigurationIsVisible = 0;
			defaultConfigurationName = Release;
		};
		3CE67ADE215B46BE004D0F22 /* Build configuration list for PBXNativeTarget "CafeGame" */ = {
			isa = XCConfigurationList;
			buildConfigurations = (
				3CE67ADF215B46BE004D0F22 /* Debug */,
				3CE67AE0215B46BE004D0F22 /* Release */,
			);
			defaultConfigurationIsVisible = 0;
			defaultConfigurationName = Release;
		};
/* End XCConfigurationList section */
	};
	rootObject = 3CE67AC4215B46BD004D0F22 /* Project object */;
}
