// !$*UTF8*$!
{
	archiveVersion = 1;
	classes = {
	};
	objectVersion = 50;
	objects = {

/* Begin PBXBuildFile section */
		3CE03E5A219D380100E1F8E0 /* AppDelegate.swift in Sources */ = {isa = PBXBuildFile; fileRef = 3CE03E59219D380100E1F8E0 /* AppDelegate.swift */; };
		3CE03E5C219D380100E1F8E0 /* ViewController.swift in Sources */ = {isa = PBXBuildFile; fileRef = 3CE03E5B219D380100E1F8E0 /* ViewController.swift */; };
		3CE03E5F219D380100E1F8E0 /* Main.storyboard in Resources */ = {isa = PBXBuildFile; fileRef = 3CE03E5D219D380100E1F8E0 /* Main.storyboard */; };
		3CE03E61219D380100E1F8E0 /* Assets.xcassets in Resources */ = {isa = PBXBuildFile; fileRef = 3CE03E60219D380100E1F8E0 /* Assets.xcassets */; };
		3CE03E64219D380100E1F8E0 /* LaunchScreen.storyboard in Resources */ = {isa = PBXBuildFile; fileRef = 3CE03E62219D380100E1F8E0 /* LaunchScreen.storyboard */; };
		3CE03E6C219D386300E1F8E0 /* ContainerNavigationController.swift in Sources */ = {isa = PBXBuildFile; fileRef = 3CE03E6B219D386300E1F8E0 /* ContainerNavigationController.swift */; };
		3CE03E6E219D389100E1F8E0 /* ContentViewController.swift in Sources */ = {isa = PBXBuildFile; fileRef = 3CE03E6D219D389100E1F8E0 /* ContentViewController.swift */; };
/* End PBXBuildFile section */

/* Begin PBXFileReference section */
		3CE03E56219D380100E1F8E0 /* StatusBarAndIndicatorExample.app */ = {isa = PBXFileReference; explicitFileType = wrapper.application; includeInIndex = 0; path = StatusBarAndIndicatorExample.app; sourceTree = BUILT_PRODUCTS_DIR; };
		3CE03E59219D380100E1F8E0 /* AppDelegate.swift */ = {isa = PBXFileReference; lastKnownFileType = sourcecode.swift; path = AppDelegate.swift; sourceTree = "<group>"; };
		3CE03E5B219D380100E1F8E0 /* ViewController.swift */ = {isa = PBXFileReference; lastKnownFileType = sourcecode.swift; path = ViewController.swift; sourceTree = "<group>"; };
		3CE03E5E219D380100E1F8E0 /* Base */ = {isa = PBXFileReference; lastKnownFileType = file.storyboard; name = Base; path = Base.lproj/Main.storyboard; sourceTree = "<group>"; };
		3CE03E60219D380100E1F8E0 /* Assets.xcassets */ = {isa = PBXFileReference; lastKnownFileType = folder.assetcatalog; path = Assets.xcassets; sourceTree = "<group>"; };
		3CE03E63219D380100E1F8E0 /* Base */ = {isa = PBXFileReference; lastKnownFileType = file.storyboard; name = Base; path = Base.lproj/LaunchScreen.storyboard; sourceTree = "<group>"; };
		3CE03E65219D380100E1F8E0 /* Info.plist */ = {isa = PBXFileReference; lastKnownFileType = text.plist.xml; path = Info.plist; sourceTree = "<group>"; };
		3CE03E6B219D386300E1F8E0 /* ContainerNavigationController.swift */ = {isa = PBXFileReference; lastKnownFileType = sourcecode.swift; path = ContainerNavigationController.swift; sourceTree = "<group>"; };
		3CE03E6D219D389100E1F8E0 /* ContentViewController.swift */ = {isa = PBXFileReference; lastKnownFileType = sourcecode.swift; path = ContentViewController.swift; sourceTree = "<group>"; };
/* End PBXFileReference section */

/* Begin PBXFrameworksBuildPhase section */
		3CE03E53219D380100E1F8E0 /* Frameworks */ = {
			isa = PBXFrameworksBuildPhase;
			buildActionMask = 2147483647;
			files = (
			);
			runOnlyForDeploymentPostprocessing = 0;
		};
/* End PBXFrameworksBuildPhase section */

/* Begin PBXGroup section */
		3CE03E4D219D380100E1F8E0 = {
			isa = PBXGroup;
			children = (
				3CE03E58219D380100E1F8E0 /* StatusBarAndIndicatorExample */,
				3CE03E57219D380100E1F8E0 /* Products */,
			);
			sourceTree = "<group>";
		};
		3CE03E57219D380100E1F8E0 /* Products */ = {
			isa = PBXGroup;
			children = (
				3CE03E56219D380100E1F8E0 /* StatusBarAndIndicatorExample.app */,
			);
			name = Products;
			sourceTree = "<group>";
		};
		3CE03E58219D380100E1F8E0 /* StatusBarAndIndicatorExample */ = {
			isa = PBXGroup;
			children = (
				3CE03E59219D380100E1F8E0 /* AppDelegate.swift */,
				3CE03E5B219D380100E1F8E0 /* ViewController.swift */,
				3CE03E6B219D386300E1F8E0 /* ContainerNavigationController.swift */,
				3CE03E6D219D389100E1F8E0 /* ContentViewController.swift */,
				3CE03E5D219D380100E1F8E0 /* Main.storyboard */,
				3CE03E60219D380100E1F8E0 /* Assets.xcassets */,
				3CE03E62219D380100E1F8E0 /* LaunchScreen.storyboard */,
				3CE03E65219D380100E1F8E0 /* Info.plist */,
			);
			path = StatusBarAndIndicatorExample;
			sourceTree = "<group>";
		};
/* End PBXGroup section */

/* Begin PBXNativeTarget section */
		3CE03E55219D380100E1F8E0 /* StatusBarAndIndicatorExample */ = {
			isa = PBXNativeTarget;
			buildConfigurationList = 3CE03E68219D380100E1F8E0 /* Build configuration list for PBXNativeTarget "StatusBarAndIndicatorExample" */;
			buildPhases = (
				3CE03E52219D380100E1F8E0 /* Sources */,
				3CE03E53219D380100E1F8E0 /* Frameworks */,
				3CE03E54219D380100E1F8E0 /* Resources */,
			);
			buildRules = (
			);
			dependencies = (
			);
			name = StatusBarAndIndicatorExample;
			productName = StatusBarAndIndicatorExample;
			productReference = 3CE03E56219D380100E1F8E0 /* StatusBarAndIndicatorExample.app */;
			productType = "com.apple.product-type.application";
		};
/* End PBXNativeTarget section */

/* Begin PBXProject section */
		3CE03E4E219D380100E1F8E0 /* Project object */ = {
			isa = PBXProject;
			attributes = {
				LastSwiftUpdateCheck = 1010;
				LastUpgradeCheck = 1010;
				ORGANIZATIONNAME = Wi;
				TargetAttributes = {
					3CE03E55219D380100E1F8E0 = {
						CreatedOnToolsVersion = 10.1;
					};
				};
			};
			buildConfigurationList = 3CE03E51219D380100E1F8E0 /* Build configuration list for PBXProject "StatusBarAndIndicatorExample" */;
			compatibilityVersion = "Xcode 9.3";
			developmentRegion = en;
			hasScannedForEncodings = 0;
			knownRegions = (
				en,
				Base,
			);
			mainGroup = 3CE03E4D219D380100E1F8E0;
			productRefGroup = 3CE03E57219D380100E1F8E0 /* Products */;
			projectDirPath = "";
			projectRoot = "";
			targets = (
				3CE03E55219D380100E1F8E0 /* StatusBarAndIndicatorExample */,
			);
		};
/* End PBXProject section */

/* Begin PBXResourcesBuildPhase section */
		3CE03E54219D380100E1F8E0 /* Resources */ = {
			isa = PBXResourcesBuildPhase;
			buildActionMask = 2147483647;
			files = (
				3CE03E64219D380100E1F8E0 /* LaunchScreen.storyboard in Resources */,
				3CE03E61219D380100E1F8E0 /* Assets.xcassets in Resources */,
				3CE03E5F219D380100E1F8E0 /* Main.storyboard in Resources */,
			);
			runOnlyForDeploymentPostprocessing = 0;
		};
/* End PBXResourcesBuildPhase section */

/* Begin PBXSourcesBuildPhase section */
		3CE03E52219D380100E1F8E0 /* Sources */ = {
			isa = PBXSourcesBuildPhase;
			buildActionMask = 2147483647;
			files = (
				3CE03E6E219D389100E1F8E0 /* ContentViewController.swift in Sources */,
				3CE03E5C219D380100E1F8E0 /* ViewController.swift in Sources */,
				3CE03E5A219D380100E1F8E0 /* AppDelegate.swift in Sources */,
				3CE03E6C219D386300E1F8E0 /* ContainerNavigationController.swift in Sources */,
			);
			runOnlyForDeploymentPostprocessing = 0;
		};
/* End PBXSourcesBuildPhase section */

/* Begin PBXVariantGroup section */
		3CE03E5D219D380100E1F8E0 /* Main.storyboard */ = {
			isa = PBXVariantGroup;
			children = (
				3CE03E5E219D380100E1F8E0 /* Base */,
			);
			name = Main.storyboard;
			sourceTree = "<group>";
		};
		3CE03E62219D380100E1F8E0 /* LaunchScreen.storyboard */ = {
			isa = PBXVariantGroup;
			children = (
				3CE03E63219D380100E1F8E0 /* Base */,
			);
			name = LaunchScreen.storyboard;
			sourceTree = "<group>";
		};
/* End PBXVariantGroup section */

/* Begin XCBuildConfiguration section */
		3CE03E66219D380100E1F8E0 /* Debug */ = {
			isa = XCBuildConfiguration;
			buildSettings = {
				ALWAYS_SEARCH_USER_PATHS = NO;
				CLANG_ANALYZER_NONNULL = YES;
				CLANG_ANALYZER_NUMBER_OBJECT_CONVERSION = YES_AGGRESSIVE;
				CLANG_CXX_LANGUAGE_STANDARD = "gnu++14";
				CLANG_CXX_LIBRARY = "libc++";
				CLANG_ENABLE_MODULES = YES;
				CLANG_ENABLE_OBJC_ARC = YES;
				CLANG_ENABLE_OBJC_WEAK = YES;
				CLANG_WARN_BLOCK_CAPTURE_AUTORELEASING = YES;
				CLANG_WARN_BOOL_CONVERSION = YES;
				CLANG_WARN_COMMA = YES;
				CLANG_WARN_CONSTANT_CONVERSION = YES;
				CLANG_WARN_DEPRECATED_OBJC_IMPLEMENTATIONS = YES;
				CLANG_WARN_DIRECT_OBJC_ISA_USAGE = YES_ERROR;
				CLANG_WARN_DOCUMENTATION_COMMENTS = YES;
				CLANG_WARN_EMPTY_BODY = YES;
				CLANG_WARN_ENUM_CONVERSION = YES;
				CLANG_WARN_INFINITE_RECURSION = YES;
				CLANG_WARN_INT_CONVERSION = YES;
				CLANG_WARN_NON_LITERAL_NULL_CONVERSION = YES;
				CLANG_WARN_OBJC_IMPLICIT_RETAIN_SELF = YES;
				CLANG_WARN_OBJC_LITERAL_CONVERSION = YES;
				CLANG_WARN_OBJC_ROOT_CLASS = YES_ERROR;
				CLANG_WARN_RANGE_LOOP_ANALYSIS = YES;
				CLANG_WARN_STRICT_PROTOTYPES = YES;
				CLANG_WARN_SUSPICIOUS_MOVE = YES;
				CLANG_WARN_UNGUARDED_AVAILABILITY = YES_AGGRESSIVE;
				CLANG_WARN_UNREACHABLE_CODE = YES;
				CLANG_WARN__DUPLICATE_METHOD_MATCH = YES;
				CODE_SIGN_IDENTITY = "iPhone Developer";
				COPY_PHASE_STRIP = NO;
				DEBUG_INFORMATION_FORMAT = dwarf;
				ENABLE_STRICT_OBJC_MSGSEND = YES;
				ENABLE_TESTABILITY = YES;
				GCC_C_LANGUAGE_STANDARD = gnu11;
				GCC_DYNAMIC_NO_PIC = NO;
				GCC_NO_COMMON_BLOCKS = YES;
				GCC_OPTIMIZATION_LEVEL = 0;
				GCC_PREPROCESSOR_DEFINITIONS = (
					"DEBUG=1",
					"$(inherited)",
				);
				GCC_WARN_64_TO_32_BIT_CONVERSION = YES;
				GCC_WARN_ABOUT_RETURN_TYPE = YES_ERROR;
				GCC_WARN_UNDECLARED_SELECTOR = YES;
				GCC_WARN_UNINITIALIZED_AUTOS = YES_AGGRESSIVE;
				GCC_WARN_UNUSED_FUNCTION = YES;
				GCC_WARN_UNUSED_VARIABLE = YES;
				IPHONEOS_DEPLOYMENT_TARGET = 12.1;
				MTL_ENABLE_DEBUG_INFO = INCLUDE_SOURCE;
				MTL_FAST_MATH = YES;
				ONLY_ACTIVE_ARCH = YES;
				SDKROOT = iphoneos;
				SWIFT_ACTIVE_COMPILATION_CONDITIONS = DEBUG;
				SWIFT_OPTIMIZATION_LEVEL = "-Onone";
			};
			name = Debug;
		};
		3CE03E67219D380100E1F8E0 /* Release */ = {
			isa = XCBuildConfiguration;
			buildSettings = {
				ALWAYS_SEARCH_USER_PATHS = NO;
				CLANG_ANALYZER_NONNULL = YES;
				CLANG_ANALYZER_NUMBER_OBJECT_CONVERSION = YES_AGGRESSIVE;
				CLANG_CXX_LANGUAGE_STANDARD = "gnu++14";
				CLANG_CXX_LIBRARY = "libc++";
				CLANG_ENABLE_MODULES = YES;
				CLANG_ENABLE_OBJC_ARC = YES;
				CLANG_ENABLE_OBJC_WEAK = YES;
				CLANG_WARN_BLOCK_CAPTURE_AUTORELEASING = YES;
				CLANG_WARN_BOOL_CONVERSION = YES;
				CLANG_WARN_COMMA = YES;
				CLANG_WARN_CONSTANT_CONVERSION = YES;
				CLANG_WARN_DEPRECATED_OBJC_IMPLEMENTATIONS = YES;
				CLANG_WARN_DIRECT_OBJC_ISA_USAGE = YES_ERROR;
				CLANG_WARN_DOCUMENTATION_COMMENTS = YES;
				CLANG_WARN_EMPTY_BODY = YES;
				CLANG_WARN_ENUM_CONVERSION = YES;
				CLANG_WARN_INFINITE_RECURSION = YES;
				CLANG_WARN_INT_CONVERSION = YES;
				CLANG_WARN_NON_LITERAL_NULL_CONVERSION = YES;
				CLANG_WARN_OBJC_IMPLICIT_RETAIN_SELF = YES;
				CLANG_WARN_OBJC_LITERAL_CONVERSION = YES;
				CLANG_WARN_OBJC_ROOT_CLASS = YES_ERROR;
				CLANG_WARN_RANGE_LOOP_ANALYSIS = YES;
				CLANG_WARN_STRICT_PROTOTYPES = YES;
				CLANG_WARN_SUSPICIOUS_MOVE = YES;
				CLANG_WARN_UNGUARDED_AVAILABILITY = YES_AGGRESSIVE;
				CLANG_WARN_UNREACHABLE_CODE = YES;
				CLANG_WARN__DUPLICATE_METHOD_MATCH = YES;
				CODE_SIGN_IDENTITY = "iPhone Developer";
				COPY_PHASE_STRIP = NO;
				DEBUG_INFORMATION_FORMAT = "dwarf-with-dsym";
				ENABLE_NS_ASSERTIONS = NO;
				ENABLE_STRICT_OBJC_MSGSEND = YES;
				GCC_C_LANGUAGE_STANDARD = gnu11;
				GCC_NO_COMMON_BLOCKS = YES;
				GCC_WARN_64_TO_32_BIT_CONVERSION = YES;
				GCC_WARN_ABOUT_RETURN_TYPE = YES_ERROR;
				GCC_WARN_UNDECLARED_SELECTOR = YES;
				GCC_WARN_UNINITIALIZED_AUTOS = YES_AGGRESSIVE;
				GCC_WARN_UNUSED_FUNCTION = YES;
				GCC_WARN_UNUSED_VARIABLE = YES;
				IPHONEOS_DEPLOYMENT_TARGET = 12.1;
				MTL_ENABLE_DEBUG_INFO = NO;
				MTL_FAST_MATH = YES;
				SDKROOT = iphoneos;
				SWIFT_COMPILATION_MODE = wholemodule;
				SWIFT_OPTIMIZATION_LEVEL = "-O";
				VALIDATE_PRODUCT = YES;
			};
			name = Release;
		};
		3CE03E69219D380100E1F8E0 /* Debug */ = {
			isa = XCBuildConfiguration;
			buildSettings = {
				ASSETCATALOG_COMPILER_APPICON_NAME = AppIcon;
				CODE_SIGN_STYLE = Automatic;
				DEVELOPMENT_TEAM = G4MM77V7NH;
				INFOPLIST_FILE = StatusBarAndIndicatorExample/Info.plist;
				LD_RUNPATH_SEARCH_PATHS = (
					"$(inherited)",
					"@executable_path/Frameworks",
				);
				PRODUCT_BUNDLE_IDENTIFIER = kr.Wi.Example.StatusBarAndIndicatorExample;
				PRODUCT_NAME = "$(TARGET_NAME)";
				SWIFT_VERSION = 4.2;
				TARGETED_DEVICE_FAMILY = "1,2";
			};
			name = Debug;
		};
		3CE03E6A219D380100E1F8E0 /* Release */ = {
			isa = XCBuildConfiguration;
			buildSettings = {
				ASSETCATALOG_COMPILER_APPICON_NAME = AppIcon;
				CODE_SIGN_STYLE = Automatic;
				DEVELOPMENT_TEAM = G4MM77V7NH;
				INFOPLIST_FILE = StatusBarAndIndicatorExample/Info.plist;
				LD_RUNPATH_SEARCH_PATHS = (
					"$(inherited)",
					"@executable_path/Frameworks",
				);
				PRODUCT_BUNDLE_IDENTIFIER = kr.Wi.Example.StatusBarAndIndicatorExample;
				PRODUCT_NAME = "$(TARGET_NAME)";
				SWIFT_VERSION = 4.2;
				TARGETED_DEVICE_FAMILY = "1,2";
			};
			name = Release;
		};
/* End XCBuildConfiguration section */

/* Begin XCConfigurationList section */
		3CE03E51219D380100E1F8E0 /* Build configuration list for PBXProject "StatusBarAndIndicatorExample" */ = {
			isa = XCConfigurationList;
			buildConfigurations = (
				3CE03E66219D380100E1F8E0 /* Debug */,
				3CE03E67219D380100E1F8E0 /* Release */,
			);
			defaultConfigurationIsVisible = 0;
			defaultConfigurationName = Release;
		};
		3CE03E68219D380100E1F8E0 /* Build configuration list for PBXNativeTarget "StatusBarAndIndicatorExample" */ = {
			isa = XCConfigurationList;
			buildConfigurations = (
				3CE03E69219D380100E1F8E0 /* Debug */,
				3CE03E6A219D380100E1F8E0 /* Release */,
			);
			defaultConfigurationIsVisible = 0;
			defaultConfigurationName = Release;
		};
/* End XCConfigurationList section */
	};
	rootObject = 3CE03E4E219D380100E1F8E0 /* Project object */;
}
