// !$*UTF8*$!
{
	archiveVersion = 1;
	classes = {
	};
	objectVersion = 50;
	objects = {

/* Begin PBXBuildFile section */
		3CB6B26721884DB700796882 /* AppDelegate.swift in Sources */ = {isa = PBXBuildFile; fileRef = 3CB6B26621884DB700796882 /* AppDelegate.swift */; };
		3CB6B26921884DB700796882 /* ViewController.swift in Sources */ = {isa = PBXBuildFile; fileRef = 3CB6B26821884DB700796882 /* ViewController.swift */; };
		3CB6B26C21884DB700796882 /* Main.storyboard in Resources */ = {isa = PBXBuildFile; fileRef = 3CB6B26A21884DB700796882 /* Main.storyboard */; };
		3CB6B26E21884DB800796882 /* Assets.xcassets in Resources */ = {isa = PBXBuildFile; fileRef = 3CB6B26D21884DB800796882 /* Assets.xcassets */; };
		3CB6B27121884DB800796882 /* LaunchScreen.storyboard in Resources */ = {isa = PBXBuildFile; fileRef = 3CB6B26F21884DB800796882 /* LaunchScreen.storyboard */; };
		3CB6B27A21884E7000796882 /* libsqlite3.tbd in Frameworks */ = {isa = PBXBuildFile; fileRef = 3CB6B27921884E7000796882 /* libsqlite3.tbd */; };
/* End PBXBuildFile section */

/* Begin PBXFileReference section */
		3CB6B26321884DB700796882 /* SQLitePractice.app */ = {isa = PBXFileReference; explicitFileType = wrapper.application; includeInIndex = 0; path = SQLitePractice.app; sourceTree = BUILT_PRODUCTS_DIR; };
		3CB6B26621884DB700796882 /* AppDelegate.swift */ = {isa = PBXFileReference; lastKnownFileType = sourcecode.swift; path = AppDelegate.swift; sourceTree = "<group>"; };
		3CB6B26821884DB700796882 /* ViewController.swift */ = {isa = PBXFileReference; lastKnownFileType = sourcecode.swift; path = ViewController.swift; sourceTree = "<group>"; };
		3CB6B26B21884DB700796882 /* Base */ = {isa = PBXFileReference; lastKnownFileType = file.storyboard; name = Base; path = Base.lproj/Main.storyboard; sourceTree = "<group>"; };
		3CB6B26D21884DB800796882 /* Assets.xcassets */ = {isa = PBXFileReference; lastKnownFileType = folder.assetcatalog; path = Assets.xcassets; sourceTree = "<group>"; };
		3CB6B27021884DB800796882 /* Base */ = {isa = PBXFileReference; lastKnownFileType = file.storyboard; name = Base; path = Base.lproj/LaunchScreen.storyboard; sourceTree = "<group>"; };
		3CB6B27221884DB800796882 /* Info.plist */ = {isa = PBXFileReference; lastKnownFileType = text.plist.xml; path = Info.plist; sourceTree = "<group>"; };
		3CB6B27921884E7000796882 /* libsqlite3.tbd */ = {isa = PBXFileReference; lastKnownFileType = "sourcecode.text-based-dylib-definition"; name = libsqlite3.tbd; path = usr/lib/libsqlite3.tbd; sourceTree = SDKROOT; };
		3CB6B27B21884FAD00796882 /* SQLitePractice-Bridging-Header.h */ = {isa = PBXFileReference; lastKnownFileType = sourcecode.c.h; path = "SQLitePractice-Bridging-Header.h"; sourceTree = "<group>"; };
		3CB6B28D21884FC800796882 /* FMDatabaseQueue.h */ = {isa = PBXFileReference; lastKnownFileType = sourcecode.c.h; path = FMDatabaseQueue.h; sourceTree = "<group>"; };
		3CB6B28E21884FC800796882 /* FMDatabasePool.m */ = {isa = PBXFileReference; lastKnownFileType = sourcecode.c.objc; path = FMDatabasePool.m; sourceTree = "<group>"; };
		3CB6B28F21884FC800796882 /* FMResultSet.m */ = {isa = PBXFileReference; lastKnownFileType = sourcecode.c.objc; path = FMResultSet.m; sourceTree = "<group>"; };
		3CB6B29021884FC800796882 /* FMDatabase.m */ = {isa = PBXFileReference; lastKnownFileType = sourcecode.c.objc; path = FMDatabase.m; sourceTree = "<group>"; };
		3CB6B29121884FC800796882 /* FMDatabaseAdditions.m */ = {isa = PBXFileReference; lastKnownFileType = sourcecode.c.objc; path = FMDatabaseAdditions.m; sourceTree = "<group>"; };
		3CB6B29221884FC800796882 /* FMDB.h */ = {isa = PBXFileReference; lastKnownFileType = sourcecode.c.h; path = FMDB.h; sourceTree = "<group>"; };
		3CB6B29321884FC800796882 /* FMResultSet.h */ = {isa = PBXFileReference; lastKnownFileType = sourcecode.c.h; path = FMResultSet.h; sourceTree = "<group>"; };
		3CB6B29421884FC800796882 /* FMDatabaseAdditions.h */ = {isa = PBXFileReference; lastKnownFileType = sourcecode.c.h; path = FMDatabaseAdditions.h; sourceTree = "<group>"; };
		3CB6B29521884FC800796882 /* FMDatabaseQueue.m */ = {isa = PBXFileReference; lastKnownFileType = sourcecode.c.objc; path = FMDatabaseQueue.m; sourceTree = "<group>"; };
		3CB6B29621884FC900796882 /* FMDatabase.h */ = {isa = PBXFileReference; lastKnownFileType = sourcecode.c.h; path = FMDatabase.h; sourceTree = "<group>"; };
		3CB6B29721884FC900796882 /* FMDatabasePool.h */ = {isa = PBXFileReference; lastKnownFileType = sourcecode.c.h; path = FMDatabasePool.h; sourceTree = "<group>"; };
/* End PBXFileReference section */

/* Begin PBXFrameworksBuildPhase section */
		3CB6B26021884DB700796882 /* Frameworks */ = {
			isa = PBXFrameworksBuildPhase;
			buildActionMask = 2147483647;
			files = (
				3CB6B27A21884E7000796882 /* libsqlite3.tbd in Frameworks */,
			);
			runOnlyForDeploymentPostprocessing = 0;
		};
/* End PBXFrameworksBuildPhase section */

/* Begin PBXGroup section */
		3CB6B25A21884DB700796882 = {
			isa = PBXGroup;
			children = (
				3CB6B26521884DB700796882 /* SQLitePractice */,
				3CB6B26421884DB700796882 /* Products */,
				3CB6B27821884E7000796882 /* Frameworks */,
			);
			sourceTree = "<group>";
		};
		3CB6B26421884DB700796882 /* Products */ = {
			isa = PBXGroup;
			children = (
				3CB6B26321884DB700796882 /* SQLitePractice.app */,
			);
			name = Products;
			sourceTree = "<group>";
		};
		3CB6B26521884DB700796882 /* SQLitePractice */ = {
			isa = PBXGroup;
			children = (
				3CB6B28C21884FB800796882 /* FMDB */,
				3CB6B26621884DB700796882 /* AppDelegate.swift */,
				3CB6B26821884DB700796882 /* ViewController.swift */,
				3CB6B26A21884DB700796882 /* Main.storyboard */,
				3CB6B26D21884DB800796882 /* Assets.xcassets */,
				3CB6B26F21884DB800796882 /* LaunchScreen.storyboard */,
				3CB6B27221884DB800796882 /* Info.plist */,
				3CB6B27B21884FAD00796882 /* SQLitePractice-Bridging-Header.h */,
			);
			path = SQLitePractice;
			sourceTree = "<group>";
		};
		3CB6B27821884E7000796882 /* Frameworks */ = {
			isa = PBXGroup;
			children = (
				3CB6B27921884E7000796882 /* libsqlite3.tbd */,
			);
			name = Frameworks;
			sourceTree = "<group>";
		};
		3CB6B28C21884FB800796882 /* FMDB */ = {
			isa = PBXGroup;
			children = (
				3CB6B29621884FC900796882 /* FMDatabase.h */,
				3CB6B29021884FC800796882 /* FMDatabase.m */,
				3CB6B29421884FC800796882 /* FMDatabaseAdditions.h */,
				3CB6B29121884FC800796882 /* FMDatabaseAdditions.m */,
				3CB6B29721884FC900796882 /* FMDatabasePool.h */,
				3CB6B28E21884FC800796882 /* FMDatabasePool.m */,
				3CB6B28D21884FC800796882 /* FMDatabaseQueue.h */,
				3CB6B29521884FC800796882 /* FMDatabaseQueue.m */,
				3CB6B29221884FC800796882 /* FMDB.h */,
				3CB6B29321884FC800796882 /* FMResultSet.h */,
				3CB6B28F21884FC800796882 /* FMResultSet.m */,
			);
			path = FMDB;
			sourceTree = "<group>";
		};
/* End PBXGroup section */

/* Begin PBXNativeTarget section */
		3CB6B26221884DB700796882 /* SQLitePractice */ = {
			isa = PBXNativeTarget;
			buildConfigurationList = 3CB6B27521884DB800796882 /* Build configuration list for PBXNativeTarget "SQLitePractice" */;
			buildPhases = (
				3CB6B25F21884DB700796882 /* Sources */,
				3CB6B26021884DB700796882 /* Frameworks */,
				3CB6B26121884DB700796882 /* Resources */,
			);
			buildRules = (
			);
			dependencies = (
			);
			name = SQLitePractice;
			productName = SQLitePractice;
			productReference = 3CB6B26321884DB700796882 /* SQLitePractice.app */;
			productType = "com.apple.product-type.application";
		};
/* End PBXNativeTarget section */

/* Begin PBXProject section */
		3CB6B25B21884DB700796882 /* Project object */ = {
			isa = PBXProject;
			attributes = {
				LastSwiftUpdateCheck = 1000;
				LastUpgradeCheck = 1000;
				ORGANIZATIONNAME = Wi;
				TargetAttributes = {
					3CB6B26221884DB700796882 = {
						CreatedOnToolsVersion = 10.0;
						LastSwiftMigration = 1000;
					};
				};
			};
			buildConfigurationList = 3CB6B25E21884DB700796882 /* Build configuration list for PBXProject "SQLitePractice" */;
			compatibilityVersion = "Xcode 9.3";
			developmentRegion = en;
			hasScannedForEncodings = 0;
			knownRegions = (
				en,
				Base,
			);
			mainGroup = 3CB6B25A21884DB700796882;
			productRefGroup = 3CB6B26421884DB700796882 /* Products */;
			projectDirPath = "";
			projectRoot = "";
			targets = (
				3CB6B26221884DB700796882 /* SQLitePractice */,
			);
		};
/* End PBXProject section */

/* Begin PBXResourcesBuildPhase section */
		3CB6B26121884DB700796882 /* Resources */ = {
			isa = PBXResourcesBuildPhase;
			buildActionMask = 2147483647;
			files = (
				3CB6B27121884DB800796882 /* LaunchScreen.storyboard in Resources */,
				3CB6B26E21884DB800796882 /* Assets.xcassets in Resources */,
				3CB6B26C21884DB700796882 /* Main.storyboard in Resources */,
			);
			runOnlyForDeploymentPostprocessing = 0;
		};
/* End PBXResourcesBuildPhase section */

/* Begin PBXSourcesBuildPhase section */
		3CB6B25F21884DB700796882 /* Sources */ = {
			isa = PBXSourcesBuildPhase;
			buildActionMask = 2147483647;
			files = (
				3CB6B26921884DB700796882 /* ViewController.swift in Sources */,
				3CB6B26721884DB700796882 /* AppDelegate.swift in Sources */,
			);
			runOnlyForDeploymentPostprocessing = 0;
		};
/* End PBXSourcesBuildPhase section */

/* Begin PBXVariantGroup section */
		3CB6B26A21884DB700796882 /* Main.storyboard */ = {
			isa = PBXVariantGroup;
			children = (
				3CB6B26B21884DB700796882 /* Base */,
			);
			name = Main.storyboard;
			sourceTree = "<group>";
		};
		3CB6B26F21884DB800796882 /* LaunchScreen.storyboard */ = {
			isa = PBXVariantGroup;
			children = (
				3CB6B27021884DB800796882 /* Base */,
			);
			name = LaunchScreen.storyboard;
			sourceTree = "<group>";
		};
/* End PBXVariantGroup section */

/* Begin XCBuildConfiguration section */
		3CB6B27321884DB800796882 /* Debug */ = {
			isa = XCBuildConfiguration;
			buildSettings = {
				ALWAYS_SEARCH_USER_PATHS = NO;
				CLANG_ANALYZER_NONNULL = YES;
				CLANG_ANALYZER_NUMBER_OBJECT_CONVERSION = YES_AGGRESSIVE;
				CLANG_CXX_LANGUAGE_STANDARD = "gnu++14";
				CLANG_CXX_LIBRARY = "libc++";
				CLANG_ENABLE_MODULES = YES;
				CLANG_ENABLE_OBJC_ARC = YES;
				CLANG_ENABLE_OBJC_WEAK = YES;
				CLANG_WARN_BLOCK_CAPTURE_AUTORELEASING = YES;
				CLANG_WARN_BOOL_CONVERSION = YES;
				CLANG_WARN_COMMA = YES;
				CLANG_WARN_CONSTANT_CONVERSION = YES;
				CLANG_WARN_DEPRECATED_OBJC_IMPLEMENTATIONS = YES;
				CLANG_WARN_DIRECT_OBJC_ISA_USAGE = YES_ERROR;
				CLANG_WARN_DOCUMENTATION_COMMENTS = YES;
				CLANG_WARN_EMPTY_BODY = YES;
				CLANG_WARN_ENUM_CONVERSION = YES;
				CLANG_WARN_INFINITE_RECURSION = YES;
				CLANG_WARN_INT_CONVERSION = YES;
				CLANG_WARN_NON_LITERAL_NULL_CONVERSION = YES;
				CLANG_WARN_OBJC_IMPLICIT_RETAIN_SELF = YES;
				CLANG_WARN_OBJC_LITERAL_CONVERSION = YES;
				CLANG_WARN_OBJC_ROOT_CLASS = YES_ERROR;
				CLANG_WARN_RANGE_LOOP_ANALYSIS = YES;
				CLANG_WARN_STRICT_PROTOTYPES = YES;
				CLANG_WARN_SUSPICIOUS_MOVE = YES;
				CLANG_WARN_UNGUARDED_AVAILABILITY = YES_AGGRESSIVE;
				CLANG_WARN_UNREACHABLE_CODE = YES;
				CLANG_WARN__DUPLICATE_METHOD_MATCH = YES;
				CODE_SIGN_IDENTITY = "iPhone Developer";
				COPY_PHASE_STRIP = NO;
				DEBUG_INFORMATION_FORMAT = dwarf;
				ENABLE_STRICT_OBJC_MSGSEND = YES;
				ENABLE_TESTABILITY = YES;
				GCC_C_LANGUAGE_STANDARD = gnu11;
				GCC_DYNAMIC_NO_PIC = NO;
				GCC_NO_COMMON_BLOCKS = YES;
				GCC_OPTIMIZATION_LEVEL = 0;
				GCC_PREPROCESSOR_DEFINITIONS = (
					"DEBUG=1",
					"$(inherited)",
				);
				GCC_WARN_64_TO_32_BIT_CONVERSION = YES;
				GCC_WARN_ABOUT_RETURN_TYPE = YES_ERROR;
				GCC_WARN_UNDECLARED_SELECTOR = YES;
				GCC_WARN_UNINITIALIZED_AUTOS = YES_AGGRESSIVE;
				GCC_WARN_UNUSED_FUNCTION = YES;
				GCC_WARN_UNUSED_VARIABLE = YES;
				IPHONEOS_DEPLOYMENT_TARGET = 12.0;
				MTL_ENABLE_DEBUG_INFO = INCLUDE_SOURCE;
				MTL_FAST_MATH = YES;
				ONLY_ACTIVE_ARCH = YES;
				SDKROOT = iphoneos;
				SWIFT_ACTIVE_COMPILATION_CONDITIONS = DEBUG;
				SWIFT_OPTIMIZATION_LEVEL = "-Onone";
			};
			name = Debug;
		};
		3CB6B27421884DB800796882 /* Release */ = {
			isa = XCBuildConfiguration;
			buildSettings = {
				ALWAYS_SEARCH_USER_PATHS = NO;
				CLANG_ANALYZER_NONNULL = YES;
				CLANG_ANALYZER_NUMBER_OBJECT_CONVERSION = YES_AGGRESSIVE;
				CLANG_CXX_LANGUAGE_STANDARD = "gnu++14";
				CLANG_CXX_LIBRARY = "libc++";
				CLANG_ENABLE_MODULES = YES;
				CLANG_ENABLE_OBJC_ARC = YES;
				CLANG_ENABLE_OBJC_WEAK = YES;
				CLANG_WARN_BLOCK_CAPTURE_AUTORELEASING = YES;
				CLANG_WARN_BOOL_CONVERSION = YES;
				CLANG_WARN_COMMA = YES;
				CLANG_WARN_CONSTANT_CONVERSION = YES;
				CLANG_WARN_DEPRECATED_OBJC_IMPLEMENTATIONS = YES;
				CLANG_WARN_DIRECT_OBJC_ISA_USAGE = YES_ERROR;
				CLANG_WARN_DOCUMENTATION_COMMENTS = YES;
				CLANG_WARN_EMPTY_BODY = YES;
				CLANG_WARN_ENUM_CONVERSION = YES;
				CLANG_WARN_INFINITE_RECURSION = YES;
				CLANG_WARN_INT_CONVERSION = YES;
				CLANG_WARN_NON_LITERAL_NULL_CONVERSION = YES;
				CLANG_WARN_OBJC_IMPLICIT_RETAIN_SELF = YES;
				CLANG_WARN_OBJC_LITERAL_CONVERSION = YES;
				CLANG_WARN_OBJC_ROOT_CLASS = YES_ERROR;
				CLANG_WARN_RANGE_LOOP_ANALYSIS = YES;
				CLANG_WARN_STRICT_PROTOTYPES = YES;
				CLANG_WARN_SUSPICIOUS_MOVE = YES;
				CLANG_WARN_UNGUARDED_AVAILABILITY = YES_AGGRESSIVE;
				CLANG_WARN_UNREACHABLE_CODE = YES;
				CLANG_WARN__DUPLICATE_METHOD_MATCH = YES;
				CODE_SIGN_IDENTITY = "iPhone Developer";
				COPY_PHASE_STRIP = NO;
				DEBUG_INFORMATION_FORMAT = "dwarf-with-dsym";
				ENABLE_NS_ASSERTIONS = NO;
				ENABLE_STRICT_OBJC_MSGSEND = YES;
				GCC_C_LANGUAGE_STANDARD = gnu11;
				GCC_NO_COMMON_BLOCKS = YES;
				GCC_WARN_64_TO_32_BIT_CONVERSION = YES;
				GCC_WARN_ABOUT_RETURN_TYPE = YES_ERROR;
				GCC_WARN_UNDECLARED_SELECTOR = YES;
				GCC_WARN_UNINITIALIZED_AUTOS = YES_AGGRESSIVE;
				GCC_WARN_UNUSED_FUNCTION = YES;
				GCC_WARN_UNUSED_VARIABLE = YES;
				IPHONEOS_DEPLOYMENT_TARGET = 12.0;
				MTL_ENABLE_DEBUG_INFO = NO;
				MTL_FAST_MATH = YES;
				SDKROOT = iphoneos;
				SWIFT_COMPILATION_MODE = wholemodule;
				SWIFT_OPTIMIZATION_LEVEL = "-O";
				VALIDATE_PRODUCT = YES;
			};
			name = Release;
		};
		3CB6B27621884DB800796882 /* Debug */ = {
			isa = XCBuildConfiguration;
			buildSettings = {
				ASSETCATALOG_COMPILER_APPICON_NAME = AppIcon;
				CLANG_ENABLE_MODULES = YES;
				CODE_SIGN_STYLE = Automatic;
				INFOPLIST_FILE = SQLitePractice/Info.plist;
				LD_RUNPATH_SEARCH_PATHS = (
					"$(inherited)",
					"@executable_path/Frameworks",
				);
				PRODUCT_BUNDLE_IDENTIFIER = kr.Wi.SQLitePractice;
				PRODUCT_NAME = "$(TARGET_NAME)";
				SWIFT_OBJC_BRIDGING_HEADER = "SQLitePractice/SQLitePractice-Bridging-Header.h";
				SWIFT_OPTIMIZATION_LEVEL = "-Onone";
				SWIFT_VERSION = 4.2;
				TARGETED_DEVICE_FAMILY = "1,2";
			};
			name = Debug;
		};
		3CB6B27721884DB800796882 /* Release */ = {
			isa = XCBuildConfiguration;
			buildSettings = {
				ASSETCATALOG_COMPILER_APPICON_NAME = AppIcon;
				CLANG_ENABLE_MODULES = YES;
				CODE_SIGN_STYLE = Automatic;
				INFOPLIST_FILE = SQLitePractice/Info.plist;
				LD_RUNPATH_SEARCH_PATHS = (
					"$(inherited)",
					"@executable_path/Frameworks",
				);
				PRODUCT_BUNDLE_IDENTIFIER = kr.Wi.SQLitePractice;
				PRODUCT_NAME = "$(TARGET_NAME)";
				SWIFT_OBJC_BRIDGING_HEADER = "SQLitePractice/SQLitePractice-Bridging-Header.h";
				SWIFT_VERSION = 4.2;
				TARGETED_DEVICE_FAMILY = "1,2";
			};
			name = Release;
		};
/* End XCBuildConfiguration section */

/* Begin XCConfigurationList section */
		3CB6B25E21884DB700796882 /* Build configuration list for PBXProject "SQLitePractice" */ = {
			isa = XCConfigurationList;
			buildConfigurations = (
				3CB6B27321884DB800796882 /* Debug */,
				3CB6B27421884DB800796882 /* Release */,
			);
			defaultConfigurationIsVisible = 0;
			defaultConfigurationName = Release;
		};
		3CB6B27521884DB800796882 /* Build configuration list for PBXNativeTarget "SQLitePractice" */ = {
			isa = XCConfigurationList;
			buildConfigurations = (
				3CB6B27621884DB800796882 /* Debug */,
				3CB6B27721884DB800796882 /* Release */,
			);
			defaultConfigurationIsVisible = 0;
			defaultConfigurationName = Release;
		};
/* End XCConfigurationList section */
	};
	rootObject = 3CB6B25B21884DB700796882 /* Project object */;
}
